
Microsoft Visual Studio Solution File, Format Version 12.00
# Visual Studio Version 17
VisualStudioVersion = 17.8.34511.84
MinimumVisualStudioVersion = 10.0.40219.1
Project("{888888A0-9F3D-457C-B088-3A5042F75D52}") = "coursework", "coursework\coursework.pyproj", "{28C3D935-03BE-49ED-B6EB-D0073634D7D9}"
EndProject
Global
	GlobalSection(SolutionConfigurationPlatforms) = preSolution
		Debug|Any CPU = Debug|Any CPU
		Release|Any CPU = Release|Any CPU
	EndGlobalSection
	GlobalSection(ProjectConfigurationPlatforms) = postSolution
		{28C3D935-03BE-49ED-B6EB-D0073634D7D9}.Debug|Any CPU.ActiveCfg = Debug|Any CPU
		{28C3D935-03BE-49ED-B6EB-D0073634D7D9}.Release|Any CPU.ActiveCfg = Release|Any CPU
	EndGlobalSection
	GlobalSection(SolutionProperties) = preSolution
		HideSolutionNode = FALSE
	EndGlobalSection
	GlobalSection(ExtensibilityGlobals) = postSolution
		SolutionGuid = {8A783AA9-509D-4F9E-93C7-EB55D3E2FC51}
	EndGlobalSection
EndGlobal
